
Microsoft Visual Studio Solution File, Format Version 12.00
# Visual Studio 14
VisualStudioVersion = 14.0.25420.1
MinimumVisualStudioVersion = 10.0.40219.1
Project("{D954291E-2A0B-460D-934E-DC6B0785DB48}") = "TesteDrive", "TesteDrive\TesteDrive\TesteDrive.shproj", "{AFBA145E-275D-4F57-91C0-C0B3F66F6866}"
EndProject
Project("{FAE04EC0-301F-11D3-BF4B-00C04F79EFBC}") = "TesteDrive.Android", "TesteDrive\TesteDrive.Android\TesteDrive.Android.csproj", "{F9C924CF-ADED-463B-A7D7-DBEA6A2AA7E4}"
EndProject
Project("{FAE04EC0-301F-11D3-BF4B-00C04F79EFBC}") = "TesteDrive.iOS", "TesteDrive\TesteDrive.iOS\TesteDrive.iOS.csproj", "{464FDEB9-9B91-47D7-9240-2D94734A3DB5}"
EndProject
Global
	GlobalSection(SharedMSBuildProjectFiles) = preSolution
		TesteDrive\TesteDrive\TesteDrive.projitems*{464fdeb9-9b91-47d7-9240-2d94734a3db5}*SharedItemsImports = 4
		TesteDrive\TesteDrive\TesteDrive.projitems*{afba145e-275d-4f57-91c0-c0b3f66f6866}*SharedItemsImports = 13
		TesteDrive\TesteDrive\TesteDrive.projitems*{f9c924cf-aded-463b-a7d7-dbea6a2aa7e4}*SharedItemsImports = 4
	EndGlobalSection
	GlobalSection(SolutionConfigurationPlatforms) = preSolution
		Ad-Hoc|Any CPU = Ad-Hoc|Any CPU
		Ad-Hoc|iPhone = Ad-Hoc|iPhone
		Ad-Hoc|iPhoneSimulator = Ad-Hoc|iPhoneSimulator
		AppStore|Any CPU = AppStore|Any CPU
		AppStore|iPhone = AppStore|iPhone
		AppStore|iPhoneSimulator = AppStore|iPhoneSimulator
		Debug|Any CPU = Debug|Any CPU
		Debug|iPhone = Debug|iPhone
		Debug|iPhoneSimulator = Debug|iPhoneSimulator
		Release|Any CPU = Release|Any CPU
		Release|iPhone = Release|iPhone
		Release|iPhoneSimulator = Release|iPhoneSimulator
	EndGlobalSection
	GlobalSection(ProjectConfigurationPlatforms) = postSolution
		{F9C924CF-ADED-463B-A7D7-DBEA6A2AA7E4}.Ad-Hoc|Any CPU.ActiveCfg = Release|Any CPU
		{F9C924CF-ADED-463B-A7D7-DBEA6A2AA7E4}.Ad-Hoc|Any CPU.Build.0 = Release|Any CPU
		{F9C924CF-ADED-463B-A7D7-DBEA6A2AA7E4}.Ad-Hoc|Any CPU.Deploy.0 = Release|Any CPU
		{F9C924CF-ADED-463B-A7D7-DBEA6A2AA7E4}.Ad-Hoc|iPhone.ActiveCfg = Release|Any CPU
		{F9C924CF-ADED-463B-A7D7-DBEA6A2AA7E4}.Ad-Hoc|iPhone.Build.0 = Release|Any CPU
		{F9C924CF-ADED-463B-A7D7-DBEA6A2AA7E4}.Ad-Hoc|iPhone.Deploy.0 = Release|Any CPU
		{F9C924CF-ADED-463B-A7D7-DBEA6A2AA7E4}.Ad-Hoc|iPhoneSimulator.ActiveCfg = Release|Any CPU
		{F9C924CF-ADED-463B-A7D7-DBEA6A2AA7E4}.Ad-Hoc|iPhoneSimulator.Build.0 = Release|Any CPU
		{F9C924CF-ADED-463B-A7D7-DBEA6A2AA7E4}.Ad-Hoc|iPhoneSimulator.Deploy.0 = Release|Any CPU
		{F9C924CF-ADED-463B-A7D7-DBEA6A2AA7E4}.AppStore|Any CPU.ActiveCfg = Release|Any CPU
		{F9C924CF-ADED-463B-A7D7-DBEA6A2AA7E4}.AppStore|Any CPU.Build.0 = Release|Any CPU
		{F9C924CF-ADED-463B-A7D7-DBEA6A2AA7E4}.AppStore|Any CPU.Deploy.0 = Release|Any CPU
		{F9C924CF-ADED-463B-A7D7-DBEA6A2AA7E4}.AppStore|iPhone.ActiveCfg = Release|Any CPU
		{F9C924CF-ADED-463B-A7D7-DBEA6A2AA7E4}.AppStore|iPhone.Build.0 = Release|Any CPU
		{F9C924CF-ADED-463B-A7D7-DBEA6A2AA7E4}.AppStore|iPhone.Deploy.0 = Release|Any CPU
		{F9C924CF-ADED-463B-A7D7-DBEA6A2AA7E4}.AppStore|iPhoneSimulator.ActiveCfg = Release|Any CPU
		{F9C924CF-ADED-463B-A7D7-DBEA6A2AA7E4}.AppStore|iPhoneSimulator.Build.0 = Release|Any CPU
		{F9C924CF-ADED-463B-A7D7-DBEA6A2AA7E4}.AppStore|iPhoneSimulator.Deploy.0 = Release|Any CPU
		{F9C924CF-ADED-463B-A7D7-DBEA6A2AA7E4}.Debug|Any CPU.ActiveCfg = Debug|Any CPU
		{F9C924CF-ADED-463B-A7D7-DBEA6A2AA7E4}.Debug|Any CPU.Build.0 = Debug|Any CPU
		{F9C924CF-ADED-463B-A7D7-DBEA6A2AA7E4}.Debug|Any CPU.Deploy.0 = Debug|Any CPU
		{F9C924CF-ADED-463B-A7D7-DBEA6A2AA7E4}.Debug|iPhone.ActiveCfg = Debug|Any CPU
		{F9C924CF-ADED-463B-A7D7-DBEA6A2AA7E4}.Debug|iPhone.Build.0 = Debug|Any CPU
		{F9C924CF-ADED-463B-A7D7-DBEA6A2AA7E4}.Debug|iPhone.Deploy.0 = Debug|Any CPU
		{F9C924CF-ADED-463B-A7D7-DBEA6A2AA7E4}.Debug|iPhoneSimulator.ActiveCfg = Debug|Any CPU
		{F9C924CF-ADED-463B-A7D7-DBEA6A2AA7E4}.Debug|iPhoneSimulator.Build.0 = Debug|Any CPU
		{F9C924CF-ADED-463B-A7D7-DBEA6A2AA7E4}.Debug|iPhoneSimulator.Deploy.0 = Debug|Any CPU
		{F9C924CF-ADED-463B-A7D7-DBEA6A2AA7E4}.Release|Any CPU.ActiveCfg = Release|Any CPU
		{F9C924CF-ADED-463B-A7D7-DBEA6A2AA7E4}.Release|Any CPU.Build.0 = Release|Any CPU
		{F9C924CF-ADED-463B-A7D7-DBEA6A2AA7E4}.Release|Any CPU.Deploy.0 = Release|Any CPU
		{F9C924CF-ADED-463B-A7D7-DBEA6A2AA7E4}.Release|iPhone.ActiveCfg = Release|Any CPU
		{F9C924CF-ADED-463B-A7D7-DBEA6A2AA7E4}.Release|iPhone.Build.0 = Release|Any CPU
		{F9C924CF-ADED-463B-A7D7-DBEA6A2AA7E4}.Release|iPhone.Deploy.0 = Release|Any CPU
		{F9C924CF-ADED-463B-A7D7-DBEA6A2AA7E4}.Release|iPhoneSimulator.ActiveCfg = Release|Any CPU
		{F9C924CF-ADED-463B-A7D7-DBEA6A2AA7E4}.Release|iPhoneSimulator.Build.0 = Release|Any CPU
		{F9C924CF-ADED-463B-A7D7-DBEA6A2AA7E4}.Release|iPhoneSimulator.Deploy.0 = Release|Any CPU
		{464FDEB9-9B91-47D7-9240-2D94734A3DB5}.Ad-Hoc|Any CPU.ActiveCfg = Ad-Hoc|iPhone
		{464FDEB9-9B91-47D7-9240-2D94734A3DB5}.Ad-Hoc|iPhone.ActiveCfg = Ad-Hoc|iPhone
		{464FDEB9-9B91-47D7-9240-2D94734A3DB5}.Ad-Hoc|iPhone.Build.0 = Ad-Hoc|iPhone
		{464FDEB9-9B91-47D7-9240-2D94734A3DB5}.Ad-Hoc|iPhoneSimulator.ActiveCfg = Ad-Hoc|iPhoneSimulator
		{464FDEB9-9B91-47D7-9240-2D94734A3DB5}.Ad-Hoc|iPhoneSimulator.Build.0 = Ad-Hoc|iPhoneSimulator
		{464FDEB9-9B91-47D7-9240-2D94734A3DB5}.AppStore|Any CPU.ActiveCfg = AppStore|iPhone
		{464FDEB9-9B91-47D7-9240-2D94734A3DB5}.AppStore|iPhone.ActiveCfg = AppStore|iPhone
		{464FDEB9-9B91-47D7-9240-2D94734A3DB5}.AppStore|iPhone.Build.0 = AppStore|iPhone
		{464FDEB9-9B91-47D7-9240-2D94734A3DB5}.AppStore|iPhoneSimulator.ActiveCfg = AppStore|iPhoneSimulator
		{464FDEB9-9B91-47D7-9240-2D94734A3DB5}.AppStore|iPhoneSimulator.Build.0 = AppStore|iPhoneSimulator
		{464FDEB9-9B91-47D7-9240-2D94734A3DB5}.Debug|Any CPU.ActiveCfg = Debug|iPhone
		{464FDEB9-9B91-47D7-9240-2D94734A3DB5}.Debug|iPhone.ActiveCfg = Debug|iPhone
		{464FDEB9-9B91-47D7-9240-2D94734A3DB5}.Debug|iPhone.Build.0 = Debug|iPhone
		{464FDEB9-9B91-47D7-9240-2D94734A3DB5}.Debug|iPhoneSimulator.ActiveCfg = Debug|iPhoneSimulator
		{464FDEB9-9B91-47D7-9240-2D94734A3DB5}.Debug|iPhoneSimulator.Build.0 = Debug|iPhoneSimulator
		{464FDEB9-9B91-47D7-9240-2D94734A3DB5}.Release|Any CPU.ActiveCfg = Release|iPhone
		{464FDEB9-9B91-47D7-9240-2D94734A3DB5}.Release|iPhone.ActiveCfg = Release|iPhone
		{464FDEB9-9B91-47D7-9240-2D94734A3DB5}.Release|iPhone.Build.0 = Release|iPhone
		{464FDEB9-9B91-47D7-9240-2D94734A3DB5}.Release|iPhoneSimulator.ActiveCfg = Release|iPhoneSimulator
		{464FDEB9-9B91-47D7-9240-2D94734A3DB5}.Release|iPhoneSimulator.Build.0 = Release|iPhoneSimulator
	EndGlobalSection
	GlobalSection(SolutionProperties) = preSolution
		HideSolutionNode = FALSE
	EndGlobalSection
EndGlobal
